{
  "nodes": {
    "nixpkgs": {
      "locked": {
        "lastModified": 1790570722,
        "narHash": "sha256-XfhTbc76cWAtJ9fmly6V04gaAQxjY+O445z80Ol6Pu4=",
        "rev": "419fe0f449b3fbe3bdd53d9840288db4509ec32e",
        "type": "tarball",
        "url": "https://releases.nixos.org/nixpkgs/nixpkgs-26.11pre1080803.419fe0f449b3/nixexprs.tar.zst"
      },
      "original": {
        "type": "tarball",
        "url": "https://channels.nixos.org/nixpkgs-unstable/nixexprs.tar.zst"
      }
    },
    "root": {
      "inputs": {
        "nixpkgs": "nixpkgs",
        "yoyomd5": "yoyomd5"
      }
    },
    "yoyomd5": {
      "flake": false,
      "locked": {
        "narHash": "sha256-O3zcULyImPCThmM/EWgij8yaiwGZNb3fpQynCsO5shc=",
        "type": "file",
        "url": "https://raw.githubusercontent.com/jakeayy/Yoyo-MD5/df87410f09ea91637be02ec29f9fb312065d441c/js/md5.min.js"
      },
      "original": {
        "type": "file",
        "url": "https://raw.githubusercontent.com/jakeayy/Yoyo-MD5/df87410f09ea91637be02ec29f9fb312065d441c/js/md5.min.js"
      }
    }
  },
  "root": "root",
  "version": 7
}
