{
  "nodes": {
    "nixpkgs": {
      "locked": {
        "lastModified": 1788316716,
        "narHash": "sha256-bc7rSpXIdn9QWGNqfWcPZWOhEVF8NoeAZkWq0XWnf/k=",
        "owner": "NixOS",
        "repo": "nixpkgs",
        "rev": "3ed67ec0a4d3c7ab4ae1f04f8ee8df07bfa506a2",
        "type": "github"
      },
      "original": {
        "owner": "NixOS",
        "ref": "nixos-unstable",
        "repo": "nixpkgs",
        "type": "github"
      }
    },
    "root": {
      "inputs": {
        "nixpkgs": "nixpkgs",
        "yoyomd5": "yoyomd5"
      }
    },
    "yoyomd5": {
      "flake": false,
      "locked": {
        "narHash": "sha256-O3zcULyImPCThmM/EWgij8yaiwGZNb3fpQynCsO5shc=",
        "type": "file",
        "url": "https://raw.githubusercontent.com/jakeayy/Yoyo-MD5/df87410f09ea91637be02ec29f9fb312065d441c/js/md5.min.js"
      },
      "original": {
        "type": "file",
        "url": "https://raw.githubusercontent.com/jakeayy/Yoyo-MD5/df87410f09ea91637be02ec29f9fb312065d441c/js/md5.min.js"
      }
    }
  },
  "root": "root",
  "version": 7
}
